
Microsoft Visual Studio Solution File, Format Version 12.00
# Visual Studio Version 16
VisualStudioVersion = 16.0.29905.134
MinimumVisualStudioVersion = 10.0.40219.1
Project("{9A19103F-16F7-4668-BE54-9A1E7A4F7556}") = "Arrays", "Arrays\Arrays.csproj", "{0DD786E8-DEA5-4384-869A-3C9E3E6696B1}"
EndProject
Global
	GlobalSection(SolutionConfigurationPlatforms) = preSolution
		Debug|Any CPU = Debug|Any CPU
		Release|Any CPU = Release|Any CPU
	EndGlobalSection
	GlobalSection(ProjectConfigurationPlatforms) = postSolution
		{0DD786E8-DEA5-4384-869A-3C9E3E6696B1}.Debug|Any CPU.ActiveCfg = Debug|Any CPU
		{0DD786E8-DEA5-4384-869A-3C9E3E6696B1}.Debug|Any CPU.Build.0 = Debug|Any CPU
		{0DD786E8-DEA5-4384-869A-3C9E3E6696B1}.Release|Any CPU.ActiveCfg = Release|Any CPU
		{0DD786E8-DEA5-4384-869A-3C9E3E6696B1}.Release|Any CPU.Build.0 = Release|Any CPU
	EndGlobalSection
	GlobalSection(SolutionProperties) = preSolution
		HideSolutionNode = FALSE
	EndGlobalSection
	GlobalSection(ExtensibilityGlobals) = postSolution
		SolutionGuid = {F35AB46F-F5F5-4327-A89E-3C75C221A1ED}
	EndGlobalSection
EndGlobal
